{
    "_readme": [
        "This file locks the dependencies of your project to a known state",
        "Read more about it at https://getcomposer.org/doc/01-basic-usage.md#installing-dependencies",
        "This file is @generated automatically"
    ],
    "content-hash": "4d77338337d3196c01143838a14f9682",
    "packages": [
        {
            "name": "mongodb/mongodb",
            "version": "1.6.1",
            "source": {
                "type": "git",
                "url": "https://github.com/mongodb/mongo-php-library.git",
                "reference": "4bb040c620ab95c487d05d5ff50cbc92fa68e920"
            },
            "dist": {
                "type": "zip",
                "url": "https://api.github.com/repos/mongodb/mongo-php-library/zipball/4bb040c620ab95c487d05d5ff50cbc92fa68e920",
                "reference": "4bb040c620ab95c487d05d5ff50cbc92fa68e920",
                "shasum": ""
            },
            "require": {
                "ext-hash": "*",
                "ext-json": "*",
                "ext-mongodb": "^1.7",
                "php": "^5.6 || ^7.0"
            },
            "require-dev": {
                "phpunit/phpunit": "^5.7.27 || ^6.4 || ^8.3",
                "sebastian/comparator": "^1.0 || ^2.0 || ^3.0",
                "squizlabs/php_codesniffer": "^3.4",
                "symfony/phpunit-bridge": "^4.4@dev"
            },
            "type": "library",
            "extra": {
                "branch-alias": {
                    "dev-master": "1.6.x-dev"
                }
            },
            "autoload": {
                "psr-4": {
                    "MongoDB\\": "src/"
                },
                "files": [
                    "src/functions.php"
                ]
            },
            "notification-url": "https://packagist.org/downloads/",
            "license": [
                "Apache-2.0"
            ],
            "authors": [
                {
                    "name": "Andreas Braun",
                    "email": "andreas.braun@mongodb.com"
                },
                {
                    "name": "Jeremy Mikola",
                    "email": "jmikola@gmail.com"
                },
                {
                    "name": "Katherine Walker",
                    "email": "katherine.walker@mongodb.com"
                }
            ],
            "description": "MongoDB driver library",
            "homepage": "https://jira.mongodb.org/browse/PHPLIB",
            "keywords": [
                "database",
                "driver",
                "mongodb",
                "persistence"
            ],
            "time": "2020-07-03T11:35:00+00:00"
        },
        {
            "name": "nimbly/capsule",
            "version": "1.0",
            "source": {
                "type": "git",
                "url": "https://github.com/nimbly/Capsule.git",
                "reference": "4945d2e4ce7da3a30cf31cb1ffc230b37a4770ae"
            },
            "dist": {
                "type": "zip",
                "url": "https://api.github.com/repos/nimbly/Capsule/zipball/4945d2e4ce7da3a30cf31cb1ffc230b37a4770ae",
                "reference": "4945d2e4ce7da3a30cf31cb1ffc230b37a4770ae",
                "shasum": ""
            },
            "require": {
                "php": ">=7.2",
                "psr/http-factory": "^1.0",
                "psr/http-message": "^1.0"
            },
            "require-dev": {
                "php-coveralls/php-coveralls": "^2.1",
                "phploc/phploc": "^5.0",
                "phpunit/phpunit": "^8.0",
                "symfony/var-dumper": "^4.3",
                "vimeo/psalm": "^3.2"
            },
            "type": "library",
            "autoload": {
                "psr-4": {
                    "Capsule\\": "src/"
                }
            },
            "notification-url": "https://packagist.org/downloads/",
            "license": [
                "MIT"
            ],
            "authors": [
                {
                    "name": "Brent Scheffler",
                    "email": "brent@brentscheffler.com"
                }
            ],
            "description": "Capsule is a simple PSR-7 HTTP message and PSR-17 HTTP factory implementation.",
            "time": "2020-03-10T19:45:31+00:00"
        },
        {
            "name": "nimbly/limber",
            "version": "1.1",
            "source": {
                "type": "git",
                "url": "https://github.com/nimbly/Limber.git",
                "reference": "50d83af43d34630e318e68f8d3e28d9b6b3396bf"
            },
            "dist": {
                "type": "zip",
                "url": "https://api.github.com/repos/nimbly/Limber/zipball/50d83af43d34630e318e68f8d3e28d9b6b3396bf",
                "reference": "50d83af43d34630e318e68f8d3e28d9b6b3396bf",
                "shasum": ""
            },
            "require": {
                "php": ">=7.2",
                "psr/container": "^1.0",
                "psr/http-message": "^1.0",
                "psr/http-server-middleware": "^1.0"
            },
            "require-dev": {
                "nimbly/capsule": "^1.0",
                "nimbly/carton": "^1.0",
                "php-coveralls/php-coveralls": "^2.1",
                "phpunit/phpunit": "^8.0",
                "symfony/var-dumper": "^4.2",
                "vimeo/psalm": "^3.1"
            },
            "type": "library",
            "autoload": {
                "psr-4": {
                    "Limber\\": "src/"
                }
            },
            "notification-url": "https://packagist.org/downloads/",
            "license": [
                "MIT"
            ],
            "authors": [
                {
                    "name": "Brent Scheffler",
                    "email": "brent@nimbly.io"
                }
            ],
            "description": "A super minimal HTTP framework that doesn't get in your way.",
            "keywords": [
                "api",
                "container",
                "framework",
                "http",
                "middleware",
                "php"
            ],
            "time": "2020-03-26T20:44:01+00:00"
        },
        {
            "name": "psr/container",
            "version": "1.0.0",
            "source": {
                "type": "git",
                "url": "https://github.com/php-fig/container.git",
                "reference": "b7ce3b176482dbbc1245ebf52b181af44c2cf55f"
            },
            "dist": {
                "type": "zip",
                "url": "https://api.github.com/repos/php-fig/container/zipball/b7ce3b176482dbbc1245ebf52b181af44c2cf55f",
                "reference": "b7ce3b176482dbbc1245ebf52b181af44c2cf55f",
                "shasum": ""
            },
            "require": {
                "php": ">=5.3.0"
            },
            "type": "library",
            "extra": {
                "branch-alias": {
                    "dev-master": "1.0.x-dev"
                }
            },
            "autoload": {
                "psr-4": {
                    "Psr\\Container\\": "src/"
                }
            },
            "notification-url": "https://packagist.org/downloads/",
            "license": [
                "MIT"
            ],
            "authors": [
                {
                    "name": "PHP-FIG",
                    "homepage": "http://www.php-fig.org/"
                }
            ],
            "description": "Common Container Interface (PHP FIG PSR-11)",
            "homepage": "https://github.com/php-fig/container",
            "keywords": [
                "PSR-11",
                "container",
                "container-interface",
                "container-interop",
                "psr"
            ],
            "time": "2017-02-14T16:28:37+00:00"
        },
        {
            "name": "psr/http-factory",
            "version": "1.0.1",
            "source": {
                "type": "git",
                "url": "https://github.com/php-fig/http-factory.git",
                "reference": "12ac7fcd07e5b077433f5f2bee95b3a771bf61be"
            },
            "dist": {
                "type": "zip",
                "url": "https://api.github.com/repos/php-fig/http-factory/zipball/12ac7fcd07e5b077433f5f2bee95b3a771bf61be",
                "reference": "12ac7fcd07e5b077433f5f2bee95b3a771bf61be",
                "shasum": ""
            },
            "require": {
                "php": ">=7.0.0",
                "psr/http-message": "^1.0"
            },
            "type": "library",
            "extra": {
                "branch-alias": {
                    "dev-master": "1.0.x-dev"
                }
            },
            "autoload": {
                "psr-4": {
                    "Psr\\Http\\Message\\": "src/"
                }
            },
            "notification-url": "https://packagist.org/downloads/",
            "license": [
                "MIT"
            ],
            "authors": [
                {
                    "name": "PHP-FIG",
                    "homepage": "http://www.php-fig.org/"
                }
            ],
            "description": "Common interfaces for PSR-7 HTTP message factories",
            "keywords": [
                "factory",
                "http",
                "message",
                "psr",
                "psr-17",
                "psr-7",
                "request",
                "response"
            ],
            "time": "2019-04-30T12:38:16+00:00"
        },
        {
            "name": "psr/http-message",
            "version": "1.0.1",
            "source": {
                "type": "git",
                "url": "https://github.com/php-fig/http-message.git",
                "reference": "f6561bf28d520154e4b0ec72be95418abe6d9363"
            },
            "dist": {
                "type": "zip",
                "url": "https://api.github.com/repos/php-fig/http-message/zipball/f6561bf28d520154e4b0ec72be95418abe6d9363",
                "reference": "f6561bf28d520154e4b0ec72be95418abe6d9363",
                "shasum": ""
            },
            "require": {
                "php": ">=5.3.0"
            },
            "type": "library",
            "extra": {
                "branch-alias": {
                    "dev-master": "1.0.x-dev"
                }
            },
            "autoload": {
                "psr-4": {
                    "Psr\\Http\\Message\\": "src/"
                }
            },
            "notification-url": "https://packagist.org/downloads/",
            "license": [
                "MIT"
            ],
            "authors": [
                {
                    "name": "PHP-FIG",
                    "homepage": "http://www.php-fig.org/"
                }
            ],
            "description": "Common interface for HTTP messages",
            "homepage": "https://github.com/php-fig/http-message",
            "keywords": [
                "http",
                "http-message",
                "psr",
                "psr-7",
                "request",
                "response"
            ],
            "time": "2016-08-06T14:39:51+00:00"
        },
        {
            "name": "psr/http-server-handler",
            "version": "1.0.1",
            "source": {
                "type": "git",
                "url": "https://github.com/php-fig/http-server-handler.git",
                "reference": "aff2f80e33b7f026ec96bb42f63242dc50ffcae7"
            },
            "dist": {
                "type": "zip",
                "url": "https://api.github.com/repos/php-fig/http-server-handler/zipball/aff2f80e33b7f026ec96bb42f63242dc50ffcae7",
                "reference": "aff2f80e33b7f026ec96bb42f63242dc50ffcae7",
                "shasum": ""
            },
            "require": {
                "php": ">=7.0",
                "psr/http-message": "^1.0"
            },
            "type": "library",
            "extra": {
                "branch-alias": {
                    "dev-master": "1.0.x-dev"
                }
            },
            "autoload": {
                "psr-4": {
                    "Psr\\Http\\Server\\": "src/"
                }
            },
            "notification-url": "https://packagist.org/downloads/",
            "license": [
                "MIT"
            ],
            "authors": [
                {
                    "name": "PHP-FIG",
                    "homepage": "http://www.php-fig.org/"
                }
            ],
            "description": "Common interface for HTTP server-side request handler",
            "keywords": [
                "handler",
                "http",
                "http-interop",
                "psr",
                "psr-15",
                "psr-7",
                "request",
                "response",
                "server"
            ],
            "time": "2018-10-30T16:46:14+00:00"
        },
        {
            "name": "psr/http-server-middleware",
            "version": "1.0.1",
            "source": {
                "type": "git",
                "url": "https://github.com/php-fig/http-server-middleware.git",
                "reference": "2296f45510945530b9dceb8bcedb5cb84d40c5f5"
            },
            "dist": {
                "type": "zip",
                "url": "https://api.github.com/repos/php-fig/http-server-middleware/zipball/2296f45510945530b9dceb8bcedb5cb84d40c5f5",
                "reference": "2296f45510945530b9dceb8bcedb5cb84d40c5f5",
                "shasum": ""
            },
            "require": {
                "php": ">=7.0",
                "psr/http-message": "^1.0",
                "psr/http-server-handler": "^1.0"
            },
            "type": "library",
            "extra": {
                "branch-alias": {
                    "dev-master": "1.0.x-dev"
                }
            },
            "autoload": {
                "psr-4": {
                    "Psr\\Http\\Server\\": "src/"
                }
            },
            "notification-url": "https://packagist.org/downloads/",
            "license": [
                "MIT"
            ],
            "authors": [
                {
                    "name": "PHP-FIG",
                    "homepage": "http://www.php-fig.org/"
                }
            ],
            "description": "Common interface for HTTP server-side middleware",
            "keywords": [
                "http",
                "http-interop",
                "middleware",
                "psr",
                "psr-15",
                "psr-7",
                "request",
                "response"
            ],
            "time": "2018-10-30T17:12:04+00:00"
        }
    ],
    "packages-dev": [],
    "aliases": [],
    "minimum-stability": "stable",
    "stability-flags": [],
    "prefer-stable": false,
    "prefer-lowest": false,
    "platform": [],
    "platform-dev": [],
    "plugin-api-version": "1.1.0"
}
